
Microsoft Visual Studio Solution File, Format Version 12.00
# Visual Studio Version 17
VisualStudioVersion = 17.0.32126.317
MinimumVisualStudioVersion = 10.0.40219.1
Project("{FAE04EC0-301F-11D3-BF4B-00C04F79EFBC}") = "FinalEstructuraDatos2", "FinalEstructuraDatos2\FinalEstructuraDatos2.csproj", "{6EE18C64-03FA-4328-B047-D1769DC6C7D5}"
EndProject
Global
	GlobalSection(SolutionConfigurationPlatforms) = preSolution
		Debug|Any CPU = Debug|Any CPU
		Release|Any CPU = Release|Any CPU
	EndGlobalSection
	GlobalSection(ProjectConfigurationPlatforms) = postSolution
		{6EE18C64-03FA-4328-B047-D1769DC6C7D5}.Debug|Any CPU.ActiveCfg = Debug|Any CPU
		{6EE18C64-03FA-4328-B047-D1769DC6C7D5}.Debug|Any CPU.Build.0 = Debug|Any CPU
		{6EE18C64-03FA-4328-B047-D1769DC6C7D5}.Release|Any CPU.ActiveCfg = Release|Any CPU
		{6EE18C64-03FA-4328-B047-D1769DC6C7D5}.Release|Any CPU.Build.0 = Release|Any CPU
	EndGlobalSection
	GlobalSection(SolutionProperties) = preSolution
		HideSolutionNode = FALSE
	EndGlobalSection
	GlobalSection(ExtensibilityGlobals) = postSolution
		SolutionGuid = {A43121D5-C620-4EF5-A3FD-F4C9165923B6}
	EndGlobalSection
EndGlobal
